
Microsoft Visual Studio Solution File, Format Version 12.00
# Visual Studio Version 17
VisualStudioVersion = 17.3.32929.385
MinimumVisualStudioVersion = 10.0.40219.1
Project("{9A19103F-16F7-4668-BE54-9A1E7A4F7556}") = "BlazorDemo.Server", "BlazorDemo\Server\BlazorDemo.Server.csproj", "{7E0ECF52-DFD0-4740-98CA-AE83237A64AB}"
EndProject
Project("{9A19103F-16F7-4668-BE54-9A1E7A4F7556}") = "BlazorDemo.Client", "BlazorDemo\Client\BlazorDemo.Client.csproj", "{A3240AFA-10D2-4520-91C7-3BD8005A794E}"
EndProject
Project("{9A19103F-16F7-4668-BE54-9A1E7A4F7556}") = "BlazorDemo.Shared", "BlazorDemo\Shared\BlazorDemo.Shared.csproj", "{18BCD865-8FD9-4EFA-B498-7AC1C0CED1F8}"
EndProject
Global
	GlobalSection(SolutionConfigurationPlatforms) = preSolution
		Debug|Any CPU = Debug|Any CPU
		Release|Any CPU = Release|Any CPU
	EndGlobalSection
	GlobalSection(ProjectConfigurationPlatforms) = postSolution
		{7E0ECF52-DFD0-4740-98CA-AE83237A64AB}.Debug|Any CPU.ActiveCfg = Debug|Any CPU
		{7E0ECF52-DFD0-4740-98CA-AE83237A64AB}.Debug|Any CPU.Build.0 = Debug|Any CPU
		{7E0ECF52-DFD0-4740-98CA-AE83237A64AB}.Release|Any CPU.ActiveCfg = Release|Any CPU
		{7E0ECF52-DFD0-4740-98CA-AE83237A64AB}.Release|Any CPU.Build.0 = Release|Any CPU
		{A3240AFA-10D2-4520-91C7-3BD8005A794E}.Debug|Any CPU.ActiveCfg = Debug|Any CPU
		{A3240AFA-10D2-4520-91C7-3BD8005A794E}.Debug|Any CPU.Build.0 = Debug|Any CPU
		{A3240AFA-10D2-4520-91C7-3BD8005A794E}.Release|Any CPU.ActiveCfg = Release|Any CPU
		{A3240AFA-10D2-4520-91C7-3BD8005A794E}.Release|Any CPU.Build.0 = Release|Any CPU
		{18BCD865-8FD9-4EFA-B498-7AC1C0CED1F8}.Debug|Any CPU.ActiveCfg = Debug|Any CPU
		{18BCD865-8FD9-4EFA-B498-7AC1C0CED1F8}.Debug|Any CPU.Build.0 = Debug|Any CPU
		{18BCD865-8FD9-4EFA-B498-7AC1C0CED1F8}.Release|Any CPU.ActiveCfg = Release|Any CPU
		{18BCD865-8FD9-4EFA-B498-7AC1C0CED1F8}.Release|Any CPU.Build.0 = Release|Any CPU
	EndGlobalSection
	GlobalSection(SolutionProperties) = preSolution
		HideSolutionNode = FALSE
	EndGlobalSection
	GlobalSection(ExtensibilityGlobals) = postSolution
		SolutionGuid = {4878605B-5F50-4AD7-9E0F-F07123371E1B}
	EndGlobalSection
EndGlobal
